
Microsoft Visual Studio Solution File, Format Version 11.00
# Visual Studio 2010
Project("{FAE04EC0-301F-11D3-BF4B-00C04F79EFBC}") = "Google.Play.Games", "Google.Play.Games.csproj", "{f012cea4-1c05-1e1c-7000-487052b2580a}"
EndProject
Project("{FAE04EC0-301F-11D3-BF4B-00C04F79EFBC}") = "Assembly-CSharp", "Assembly-CSharp.csproj", "{268eebf4-9cb9-bf1f-972e-efe736142946}"
EndProject
Project("{FAE04EC0-301F-11D3-BF4B-00C04F79EFBC}") = "Google.Play.Games.Editor", "Google.Play.Games.Editor.csproj", "{85d3eb8f-ae7c-a87d-00b7-f229f6d1fa45}"
EndProject
Global
	GlobalSection(SolutionConfigurationPlatforms) = preSolution
		Debug|Any CPU = Debug|Any CPU
	EndGlobalSection
	GlobalSection(ProjectConfigurationPlatforms) = postSolution
		{f012cea4-1c05-1e1c-7000-487052b2580a}.Debug|Any CPU.ActiveCfg = Debug|Any CPU
		{f012cea4-1c05-1e1c-7000-487052b2580a}.Debug|Any CPU.Build.0 = Debug|Any CPU
		{268eebf4-9cb9-bf1f-972e-efe736142946}.Debug|Any CPU.ActiveCfg = Debug|Any CPU
		{268eebf4-9cb9-bf1f-972e-efe736142946}.Debug|Any CPU.Build.0 = Debug|Any CPU
		{85d3eb8f-ae7c-a87d-00b7-f229f6d1fa45}.Debug|Any CPU.ActiveCfg = Debug|Any CPU
		{85d3eb8f-ae7c-a87d-00b7-f229f6d1fa45}.Debug|Any CPU.Build.0 = Debug|Any CPU
	EndGlobalSection
	GlobalSection(SolutionProperties) = preSolution
		HideSolutionNode = FALSE
	EndGlobalSection
EndGlobal
